
Microsoft Visual Studio Solution File, Format Version 12.00
# Visual Studio Version 17
VisualStudioVersion = 17.8.34511.84
MinimumVisualStudioVersion = 10.0.40219.1
Project("{FAE04EC0-301F-11D3-BF4B-00C04F79EFBC}") = "ContactsAPI", "ContactsAPI\ContactsAPI.csproj", "{ED3179C4-BCA2-43FD-86B8-1534465C59F5}"
EndProject
Global
	GlobalSection(SolutionConfigurationPlatforms) = preSolution
		Debug|Any CPU = Debug|Any CPU
		Release|Any CPU = Release|Any CPU
	EndGlobalSection
	GlobalSection(ProjectConfigurationPlatforms) = postSolution
		{ED3179C4-BCA2-43FD-86B8-1534465C59F5}.Debug|Any CPU.ActiveCfg = Debug|Any CPU
		{ED3179C4-BCA2-43FD-86B8-1534465C59F5}.Debug|Any CPU.Build.0 = Debug|Any CPU
		{ED3179C4-BCA2-43FD-86B8-1534465C59F5}.Release|Any CPU.ActiveCfg = Release|Any CPU
		{ED3179C4-BCA2-43FD-86B8-1534465C59F5}.Release|Any CPU.Build.0 = Release|Any CPU
	EndGlobalSection
	GlobalSection(SolutionProperties) = preSolution
		HideSolutionNode = FALSE
	EndGlobalSection
	GlobalSection(ExtensibilityGlobals) = postSolution
		SolutionGuid = {FB2C2568-E7FD-47ED-B401-B71533AB3D2A}
	EndGlobalSection
EndGlobal
